
Microsoft Visual Studio Solution File, Format Version 12.00
# Visual Studio Version 16
VisualStudioVersion = 16.0.29215.179
MinimumVisualStudioVersion = 10.0.40219.1
Project("{9A19103F-16F7-4668-BE54-9A1E7A4F7556}") = "WebBMI", "WebBMI\WebBMI.csproj", "{A51E1790-0E35-457E-A909-1D013DA3A624}"
EndProject
Project("{9A19103F-16F7-4668-BE54-9A1E7A4F7556}") = "HealthMgr", "HealthMgr\HealthMgr.csproj", "{539FA91F-BAB2-4537-8B93-AFF4C47E21B6}"
EndProject
Global
	GlobalSection(SolutionConfigurationPlatforms) = preSolution
		Debug|Any CPU = Debug|Any CPU
		Release|Any CPU = Release|Any CPU
	EndGlobalSection
	GlobalSection(ProjectConfigurationPlatforms) = postSolution
		{A51E1790-0E35-457E-A909-1D013DA3A624}.Debug|Any CPU.ActiveCfg = Debug|Any CPU
		{A51E1790-0E35-457E-A909-1D013DA3A624}.Debug|Any CPU.Build.0 = Debug|Any CPU
		{A51E1790-0E35-457E-A909-1D013DA3A624}.Release|Any CPU.ActiveCfg = Release|Any CPU
		{A51E1790-0E35-457E-A909-1D013DA3A624}.Release|Any CPU.Build.0 = Release|Any CPU
		{539FA91F-BAB2-4537-8B93-AFF4C47E21B6}.Debug|Any CPU.ActiveCfg = Debug|Any CPU
		{539FA91F-BAB2-4537-8B93-AFF4C47E21B6}.Debug|Any CPU.Build.0 = Debug|Any CPU
		{539FA91F-BAB2-4537-8B93-AFF4C47E21B6}.Release|Any CPU.ActiveCfg = Release|Any CPU
		{539FA91F-BAB2-4537-8B93-AFF4C47E21B6}.Release|Any CPU.Build.0 = Release|Any CPU
	EndGlobalSection
	GlobalSection(SolutionProperties) = preSolution
		HideSolutionNode = FALSE
	EndGlobalSection
	GlobalSection(ExtensibilityGlobals) = postSolution
		SolutionGuid = {44791AF3-88C8-4D21-8DC4-B00BA60E9561}
	EndGlobalSection
EndGlobal
